
Microsoft Visual Studio Solution File, Format Version 12.00
# Visual Studio 15
VisualStudioVersion = 15.0.27130.2010
MinimumVisualStudioVersion = 10.0.40219.1
Project("{FAE04EC0-301F-11D3-BF4B-00C04F79EFBC}") = "WireNet", "WireNet\WireNet.csproj", "{8D1D974E-EF53-4C73-B178-755CEB3A2BC1}"
EndProject
Project("{FAE04EC0-301F-11D3-BF4B-00C04F79EFBC}") = "Lutenitsa", "Lutenitsa\Lutenitsa.csproj", "{B8575FD6-81F0-4005-853E-955BFEEA1C3F}"
EndProject
Project("{FAE04EC0-301F-11D3-BF4B-00C04F79EFBC}") = "LutenicaWorksInJudge", "ConsoleApp1\LutenicaWorksInJudge.csproj", "{52CF429F-779F-4220-A380-B9E7751C48A5}"
EndProject
Project("{FAE04EC0-301F-11D3-BF4B-00C04F79EFBC}") = "CourierExpress(!!!)", "CourierExpress\CourierExpress(!!!).csproj", "{3D0B68AA-EEBF-40A7-A7E0-E17582A338B1}"
EndProject
Project("{FAE04EC0-301F-11D3-BF4B-00C04F79EFBC}") = "ConsoleApp2", "ConsoleApp2\ConsoleApp2.csproj", "{FC051253-FB80-4A36-A20D-2873F7941E94}"
EndProject
Project("{FAE04EC0-301F-11D3-BF4B-00C04F79EFBC}") = "ConsoleApp3", "ConsoleApp3\ConsoleApp3.csproj", "{EAAE0024-2533-420E-B7B0-3800A275868E}"
EndProject
Global
	GlobalSection(SolutionConfigurationPlatforms) = preSolution
		Debug|Any CPU = Debug|Any CPU
		Release|Any CPU = Release|Any CPU
	EndGlobalSection
	GlobalSection(ProjectConfigurationPlatforms) = postSolution
		{8D1D974E-EF53-4C73-B178-755CEB3A2BC1}.Debug|Any CPU.ActiveCfg = Debug|Any CPU
		{8D1D974E-EF53-4C73-B178-755CEB3A2BC1}.Debug|Any CPU.Build.0 = Debug|Any CPU
		{8D1D974E-EF53-4C73-B178-755CEB3A2BC1}.Release|Any CPU.ActiveCfg = Release|Any CPU
		{8D1D974E-EF53-4C73-B178-755CEB3A2BC1}.Release|Any CPU.Build.0 = Release|Any CPU
		{B8575FD6-81F0-4005-853E-955BFEEA1C3F}.Debug|Any CPU.ActiveCfg = Debug|Any CPU
		{B8575FD6-81F0-4005-853E-955BFEEA1C3F}.Debug|Any CPU.Build.0 = Debug|Any CPU
		{B8575FD6-81F0-4005-853E-955BFEEA1C3F}.Release|Any CPU.ActiveCfg = Release|Any CPU
		{B8575FD6-81F0-4005-853E-955BFEEA1C3F}.Release|Any CPU.Build.0 = Release|Any CPU
		{52CF429F-779F-4220-A380-B9E7751C48A5}.Debug|Any CPU.ActiveCfg = Debug|Any CPU
		{52CF429F-779F-4220-A380-B9E7751C48A5}.Debug|Any CPU.Build.0 = Debug|Any CPU
		{52CF429F-779F-4220-A380-B9E7751C48A5}.Release|Any CPU.ActiveCfg = Release|Any CPU
		{52CF429F-779F-4220-A380-B9E7751C48A5}.Release|Any CPU.Build.0 = Release|Any CPU
		{3D0B68AA-EEBF-40A7-A7E0-E17582A338B1}.Debug|Any CPU.ActiveCfg = Debug|Any CPU
		{3D0B68AA-EEBF-40A7-A7E0-E17582A338B1}.Debug|Any CPU.Build.0 = Debug|Any CPU
		{3D0B68AA-EEBF-40A7-A7E0-E17582A338B1}.Release|Any CPU.ActiveCfg = Release|Any CPU
		{3D0B68AA-EEBF-40A7-A7E0-E17582A338B1}.Release|Any CPU.Build.0 = Release|Any CPU
		{FC051253-FB80-4A36-A20D-2873F7941E94}.Debug|Any CPU.ActiveCfg = Debug|Any CPU
		{FC051253-FB80-4A36-A20D-2873F7941E94}.Debug|Any CPU.Build.0 = Debug|Any CPU
		{FC051253-FB80-4A36-A20D-2873F7941E94}.Release|Any CPU.ActiveCfg = Release|Any CPU
		{FC051253-FB80-4A36-A20D-2873F7941E94}.Release|Any CPU.Build.0 = Release|Any CPU
		{EAAE0024-2533-420E-B7B0-3800A275868E}.Debug|Any CPU.ActiveCfg = Debug|Any CPU
		{EAAE0024-2533-420E-B7B0-3800A275868E}.Debug|Any CPU.Build.0 = Debug|Any CPU
		{EAAE0024-2533-420E-B7B0-3800A275868E}.Release|Any CPU.ActiveCfg = Release|Any CPU
		{EAAE0024-2533-420E-B7B0-3800A275868E}.Release|Any CPU.Build.0 = Release|Any CPU
	EndGlobalSection
	GlobalSection(SolutionProperties) = preSolution
		HideSolutionNode = FALSE
	EndGlobalSection
	GlobalSection(ExtensibilityGlobals) = postSolution
		SolutionGuid = {49585666-66E6-48E3-AC9E-3B78721690D6}
	EndGlobalSection
EndGlobal
