
Microsoft Visual Studio Solution File, Format Version 12.00
# Visual Studio 15
VisualStudioVersion = 15.0.27004.2009
MinimumVisualStudioVersion = 10.0.40219.1
Project("{FAE04EC0-301F-11D3-BF4B-00C04F79EFBC}") = "EvenPower", "ConsoleApp4\EvenPower.csproj", "{F2377B76-4F53-43DE-9406-C9F7C929B415}"
EndProject
Project("{FAE04EC0-301F-11D3-BF4B-00C04F79EFBC}") = "ConsoleApp1", "ConsoleApp1\ConsoleApp1.csproj", "{BABB92F0-AD5A-4ED1-9E7B-99505D577E79}"
EndProject
Global
	GlobalSection(SolutionConfigurationPlatforms) = preSolution
		Debug|Any CPU = Debug|Any CPU
		Release|Any CPU = Release|Any CPU
	EndGlobalSection
	GlobalSection(ProjectConfigurationPlatforms) = postSolution
		{F2377B76-4F53-43DE-9406-C9F7C929B415}.Debug|Any CPU.ActiveCfg = Debug|Any CPU
		{F2377B76-4F53-43DE-9406-C9F7C929B415}.Debug|Any CPU.Build.0 = Debug|Any CPU
		{F2377B76-4F53-43DE-9406-C9F7C929B415}.Release|Any CPU.ActiveCfg = Release|Any CPU
		{F2377B76-4F53-43DE-9406-C9F7C929B415}.Release|Any CPU.Build.0 = Release|Any CPU
		{BABB92F0-AD5A-4ED1-9E7B-99505D577E79}.Debug|Any CPU.ActiveCfg = Debug|Any CPU
		{BABB92F0-AD5A-4ED1-9E7B-99505D577E79}.Debug|Any CPU.Build.0 = Debug|Any CPU
		{BABB92F0-AD5A-4ED1-9E7B-99505D577E79}.Release|Any CPU.ActiveCfg = Release|Any CPU
		{BABB92F0-AD5A-4ED1-9E7B-99505D577E79}.Release|Any CPU.Build.0 = Release|Any CPU
	EndGlobalSection
	GlobalSection(SolutionProperties) = preSolution
		HideSolutionNode = FALSE
	EndGlobalSection
	GlobalSection(ExtensibilityGlobals) = postSolution
		SolutionGuid = {F9955FB5-946B-499D-813B-0F9541ED044B}
	EndGlobalSection
EndGlobal
